
Microsoft Visual Studio Solution File, Format Version 12.00
# Visual Studio 14
VisualStudioVersion = 14.0.25123.0
MinimumVisualStudioVersion = 10.0.40219.1
Project("{FAE04EC0-301F-11D3-BF4B-00C04F79EFBC}") = "ChamonixResponsivo", "ChamonixResponsivo\ChamonixResponsivo.csproj", "{AF86FBA0-ADE9-47C7-A363-9851AD11E9F1}"
EndProject
Project("{FAE04EC0-301F-11D3-BF4B-00C04F79EFBC}") = "ChamonixResponsivo.Tests", "ChamonixResponsivo.Tests\ChamonixResponsivo.Tests.csproj", "{F1E95698-D952-4221-9C17-C92F71CA2168}"
EndProject
Project("{FAE04EC0-301F-11D3-BF4B-00C04F79EFBC}") = "Chamonix.Domain", "Chamonix.Domain\Chamonix.Domain.csproj", "{9720B8ED-03EB-4AA5-A7A6-C57943CCCAD4}"
EndProject
Project("{FAE04EC0-301F-11D3-BF4B-00C04F79EFBC}") = "Chamonix.Test", "Chamonix.Test\Chamonix.Test.csproj", "{1F7C4193-1995-47CA-801E-30E7C47C01E0}"
EndProject
Global
	GlobalSection(SolutionConfigurationPlatforms) = preSolution
		Debug|Any CPU = Debug|Any CPU
		Release|Any CPU = Release|Any CPU
	EndGlobalSection
	GlobalSection(ProjectConfigurationPlatforms) = postSolution
		{AF86FBA0-ADE9-47C7-A363-9851AD11E9F1}.Debug|Any CPU.ActiveCfg = Debug|Any CPU
		{AF86FBA0-ADE9-47C7-A363-9851AD11E9F1}.Debug|Any CPU.Build.0 = Debug|Any CPU
		{AF86FBA0-ADE9-47C7-A363-9851AD11E9F1}.Release|Any CPU.ActiveCfg = Release|Any CPU
		{AF86FBA0-ADE9-47C7-A363-9851AD11E9F1}.Release|Any CPU.Build.0 = Release|Any CPU
		{F1E95698-D952-4221-9C17-C92F71CA2168}.Debug|Any CPU.ActiveCfg = Debug|Any CPU
		{F1E95698-D952-4221-9C17-C92F71CA2168}.Debug|Any CPU.Build.0 = Debug|Any CPU
		{F1E95698-D952-4221-9C17-C92F71CA2168}.Release|Any CPU.ActiveCfg = Release|Any CPU
		{F1E95698-D952-4221-9C17-C92F71CA2168}.Release|Any CPU.Build.0 = Release|Any CPU
		{9720B8ED-03EB-4AA5-A7A6-C57943CCCAD4}.Debug|Any CPU.ActiveCfg = Debug|Any CPU
		{9720B8ED-03EB-4AA5-A7A6-C57943CCCAD4}.Debug|Any CPU.Build.0 = Debug|Any CPU
		{9720B8ED-03EB-4AA5-A7A6-C57943CCCAD4}.Release|Any CPU.ActiveCfg = Release|Any CPU
		{9720B8ED-03EB-4AA5-A7A6-C57943CCCAD4}.Release|Any CPU.Build.0 = Release|Any CPU
		{1F7C4193-1995-47CA-801E-30E7C47C01E0}.Debug|Any CPU.ActiveCfg = Debug|Any CPU
		{1F7C4193-1995-47CA-801E-30E7C47C01E0}.Debug|Any CPU.Build.0 = Debug|Any CPU
		{1F7C4193-1995-47CA-801E-30E7C47C01E0}.Release|Any CPU.ActiveCfg = Release|Any CPU
		{1F7C4193-1995-47CA-801E-30E7C47C01E0}.Release|Any CPU.Build.0 = Release|Any CPU
	EndGlobalSection
	GlobalSection(SolutionProperties) = preSolution
		HideSolutionNode = FALSE
	EndGlobalSection
EndGlobal
